// !$*UTF8*$!
{
	archiveVersion = 1;
	classes = {
	};
	objectVersion = 48;
	objects = {

/* Begin PBXBuildFile section */
		015900783247EEF9BE7BD8D9 /* Pods_CoinCalculatorTests.framework in Frameworks */ = {isa = PBXBuildFile; fileRef = 56B33EB7C88836EB68612D67 /* Pods_CoinCalculatorTests.framework */; };
		40124FAA202ED49B001423C9 /* splash_icon.png in Resources */ = {isa = PBXBuildFile; fileRef = 40124FA9202ED49B001423C9 /* splash_icon.png */; };
		40124FAC202ED9F3001423C9 /* no_image.png in Resources */ = {isa = PBXBuildFile; fileRef = 40124FAB202ED9F3001423C9 /* no_image.png */; };
		40ADF62C202EE1C000C402A9 /* calc_icon.png in Resources */ = {isa = PBXBuildFile; fileRef = 40ADF62B202EE1C000C402A9 /* calc_icon.png */; };
		94A62F8C0FE581EF2FDFB059 /* Pods_CoinCalculator.framework in Frameworks */ = {isa = PBXBuildFile; fileRef = D7225EC982F088D8FDA03832 /* Pods_CoinCalculator.framework */; };
		C02B6041B3FAA0F40E4DE736 /* Pods_CoinCalculatorUITests.framework in Frameworks */ = {isa = PBXBuildFile; fileRef = 46DAA792A1A61822044E1E59 /* Pods_CoinCalculatorUITests.framework */; };
		DA5FD5F32022E6A800C6C1EC /* CalculatorButton.swift in Sources */ = {isa = PBXBuildFile; fileRef = DA5FD5F22022E6A800C6C1EC /* CalculatorButton.swift */; };
		DA72F8A1202826F000C23412 /* CoinInforViewController.swift in Sources */ = {isa = PBXBuildFile; fileRef = DA72F8A0202826F000C23412 /* CoinInforViewController.swift */; };
		DA9EF02C2021ABC90068E900 /* monero_logo.png in Resources */ = {isa = PBXBuildFile; fileRef = DA9EF0232021ABC80068E900 /* monero_logo.png */; };
		DA9EF02D2021ABC90068E900 /* bitcoin_cash_logo.png in Resources */ = {isa = PBXBuildFile; fileRef = DA9EF0242021ABC80068E900 /* bitcoin_cash_logo.png */; };
		DA9EF02E2021ABC90068E900 /* litecoin_png.png in Resources */ = {isa = PBXBuildFile; fileRef = DA9EF0252021ABC80068E900 /* litecoin_png.png */; };
		DA9EF02F2021ABC90068E900 /* ETH_BTC.png in Resources */ = {isa = PBXBuildFile; fileRef = DA9EF0262021ABC90068E900 /* ETH_BTC.png */; };
		DA9EF0302021ABC90068E900 /* ripple_logo.png in Resources */ = {isa = PBXBuildFile; fileRef = DA9EF0272021ABC90068E900 /* ripple_logo.png */; };
		DA9EF0312021ABC90068E900 /* zcash_logo.png in Resources */ = {isa = PBXBuildFile; fileRef = DA9EF0282021ABC90068E900 /* zcash_logo.png */; };
		DA9EF0322021ABC90068E900 /* dash_logo.png in Resources */ = {isa = PBXBuildFile; fileRef = DA9EF0292021ABC90068E900 /* dash_logo.png */; };
		DA9EF0332021ABC90068E900 /* Qtum_logo.png in Resources */ = {isa = PBXBuildFile; fileRef = DA9EF02A2021ABC90068E900 /* Qtum_logo.png */; };
		DA9EF0342021ABC90068E900 /* BTC_JPY.png in Resources */ = {isa = PBXBuildFile; fileRef = DA9EF02B2021ABC90068E900 /* BTC_JPY.png */; };
		DA9EF0372021B5740068E900 /* CoinListCell.swift in Sources */ = {isa = PBXBuildFile; fileRef = DA9EF0362021B5740068E900 /* CoinListCell.swift */; };
		DAA13C3D20219D420061FCE0 /* AppDelegate.swift in Sources */ = {isa = PBXBuildFile; fileRef = DAA13C3C20219D420061FCE0 /* AppDelegate.swift */; };
		DAA13C3F20219D430061FCE0 /* MainViewController.swift in Sources */ = {isa = PBXBuildFile; fileRef = DAA13C3E20219D430061FCE0 /* MainViewController.swift */; };
		DAA13C4220219D430061FCE0 /* Main.storyboard in Resources */ = {isa = PBXBuildFile; fileRef = DAA13C4020219D430061FCE0 /* Main.storyboard */; };
		DAA13C4420219D430061FCE0 /* Assets.xcassets in Resources */ = {isa = PBXBuildFile; fileRef = DAA13C4320219D430061FCE0 /* Assets.xcassets */; };
		DAA13C4720219D430061FCE0 /* LaunchScreen.storyboard in Resources */ = {isa = PBXBuildFile; fileRef = DAA13C4520219D430061FCE0 /* LaunchScreen.storyboard */; };
		DAA13C5220219D430061FCE0 /* CoinCalculatorTests.swift in Sources */ = {isa = PBXBuildFile; fileRef = DAA13C5120219D430061FCE0 /* CoinCalculatorTests.swift */; };
		DAA13C5D20219D430061FCE0 /* CoinCalculatorUITests.swift in Sources */ = {isa = PBXBuildFile; fileRef = DAA13C5C20219D430061FCE0 /* CoinCalculatorUITests.swift */; };
		DAA5ABCB202D9F5B00FC1B2A /* String+Converter.swift in Sources */ = {isa = PBXBuildFile; fileRef = DAA5ABCA202D9F5B00FC1B2A /* String+Converter.swift */; };
		DAC6B55520285B1900CE289E /* MarketViewController.swift in Sources */ = {isa = PBXBuildFile; fileRef = DAC6B55420285B1900CE289E /* MarketViewController.swift */; };
		DAC6B55720285B2D00CE289E /* ChartViewController.swift in Sources */ = {isa = PBXBuildFile; fileRef = DAC6B55620285B2D00CE289E /* ChartViewController.swift */; };
		DAC6B55920286E4200CE289E /* MarketPriceCell.swift in Sources */ = {isa = PBXBuildFile; fileRef = DAC6B55820286E4200CE289E /* MarketPriceCell.swift */; };
		DAC6B55B2028784100CE289E /* Chart.storyboard in Resources */ = {isa = PBXBuildFile; fileRef = DAC6B55A2028784100CE289E /* Chart.storyboard */; };
		DAC6B5AB20295FA400CE289E /* Date+Helper.swift in Sources */ = {isa = PBXBuildFile; fileRef = DAC6B59C20295FA400CE289E /* Date+Helper.swift */; };
		DAC6B5AC20295FA400CE289E /* BFCoinRealtimeAPI.swift in Sources */ = {isa = PBXBuildFile; fileRef = DAC6B59D20295FA400CE289E /* BFCoinRealtimeAPI.swift */; };
		DAC6B5AD20295FA400CE289E /* BFCoinAPI.swift in Sources */ = {isa = PBXBuildFile; fileRef = DAC6B59E20295FA400CE289E /* BFCoinAPI.swift */; };
		DAC6B5AE20295FA400CE289E /* BFContext.swift in Sources */ = {isa = PBXBuildFile; fileRef = DAC6B59F20295FA400CE289E /* BFContext.swift */; };
		DAC6B5AF20295FA400CE289E /* AppDelegate+RealtimeAPI.swift in Sources */ = {isa = PBXBuildFile; fileRef = DAC6B5A020295FA400CE289E /* AppDelegate+RealtimeAPI.swift */; };
		DAC6B5B020295FA400CE289E /* ChartData.swift in Sources */ = {isa = PBXBuildFile; fileRef = DAC6B5A220295FA400CE289E /* ChartData.swift */; };
		DAC6B5B120295FA400CE289E /* Execution.swift in Sources */ = {isa = PBXBuildFile; fileRef = DAC6B5A320295FA400CE289E /* Execution.swift */; };
		DAC6B5B220295FA400CE289E /* Health.swift in Sources */ = {isa = PBXBuildFile; fileRef = DAC6B5A420295FA400CE289E /* Health.swift */; };
		DAC6B5B320295FA400CE289E /* Board.swift in Sources */ = {isa = PBXBuildFile; fileRef = DAC6B5A520295FA400CE289E /* Board.swift */; };
		DAC6B5B420295FA400CE289E /* Chat.swift in Sources */ = {isa = PBXBuildFile; fileRef = DAC6B5A620295FA400CE289E /* Chat.swift */; };
		DAC6B5B520295FA400CE289E /* Ticker.swift in Sources */ = {isa = PBXBuildFile; fileRef = DAC6B5A720295FA400CE289E /* Ticker.swift */; };
		DAC6B5B620295FA400CE289E /* BoardState.swift in Sources */ = {isa = PBXBuildFile; fileRef = DAC6B5A820295FA400CE289E /* BoardState.swift */; };
		DAC6B5B720295FA400CE289E /* Market.swift in Sources */ = {isa = PBXBuildFile; fileRef = DAC6B5A920295FA400CE289E /* Market.swift */; };
		DAC6B5B820295FA400CE289E /* BFCoinManager.swift in Sources */ = {isa = PBXBuildFile; fileRef = DAC6B5AA20295FA400CE289E /* BFCoinManager.swift */; };
		DAC6B5BD202C214500CE289E /* CoinInfoView.swift in Sources */ = {isa = PBXBuildFile; fileRef = DAC6B5BC202C214500CE289E /* CoinInfoView.swift */; };
		DAC6B5BF202D3D4A00CE289E /* coin_calc_icon.png in Resources */ = {isa = PBXBuildFile; fileRef = DAC6B5BE202D3D4800CE289E /* coin_calc_icon.png */; };
		DAC6B5C1202D4F4700CE289E /* splash.png in Resources */ = {isa = PBXBuildFile; fileRef = DAC6B5C0202D4F4600CE289E /* splash.png */; };
/* End PBXBuildFile section */

/* Begin PBXContainerItemProxy section */
		DAA13C4E20219D430061FCE0 /* PBXContainerItemProxy */ = {
			isa = PBXContainerItemProxy;
			containerPortal = DAA13C3120219D420061FCE0 /* Project object */;
			proxyType = 1;
			remoteGlobalIDString = DAA13C3820219D420061FCE0;
			remoteInfo = CoinCalculator;
		};
		DAA13C5920219D430061FCE0 /* PBXContainerItemProxy */ = {
			isa = PBXContainerItemProxy;
			containerPortal = DAA13C3120219D420061FCE0 /* Project object */;
			proxyType = 1;
			remoteGlobalIDString = DAA13C3820219D420061FCE0;
			remoteInfo = CoinCalculator;
		};
/* End PBXContainerItemProxy section */

/* Begin PBXFileReference section */
		001EF5B27B763C20F49D31D8 /* Pods-CoinCalculatorUITests.debug.xcconfig */ = {isa = PBXFileReference; includeInIndex = 1; lastKnownFileType = text.xcconfig; name = "Pods-CoinCalculatorUITests.debug.xcconfig"; path = "Pods/Target Support Files/Pods-CoinCalculatorUITests/Pods-CoinCalculatorUITests.debug.xcconfig"; sourceTree = "<group>"; };
		40124FA9202ED49B001423C9 /* splash_icon.png */ = {isa = PBXFileReference; lastKnownFileType = image.png; path = splash_icon.png; sourceTree = "<group>"; };
		40124FAB202ED9F3001423C9 /* no_image.png */ = {isa = PBXFileReference; lastKnownFileType = image.png; path = no_image.png; sourceTree = "<group>"; };
		40ADF62B202EE1C000C402A9 /* calc_icon.png */ = {isa = PBXFileReference; lastKnownFileType = image.png; path = calc_icon.png; sourceTree = "<group>"; };
		46DAA792A1A61822044E1E59 /* Pods_CoinCalculatorUITests.framework */ = {isa = PBXFileReference; explicitFileType = wrapper.framework; includeInIndex = 0; path = Pods_CoinCalculatorUITests.framework; sourceTree = BUILT_PRODUCTS_DIR; };
		56A05D3E1B80D121F4E6B8C3 /* Pods-CoinCalculatorUITests.release.xcconfig */ = {isa = PBXFileReference; includeInIndex = 1; lastKnownFileType = text.xcconfig; name = "Pods-CoinCalculatorUITests.release.xcconfig"; path = "Pods/Target Support Files/Pods-CoinCalculatorUITests/Pods-CoinCalculatorUITests.release.xcconfig"; sourceTree = "<group>"; };
		56B33EB7C88836EB68612D67 /* Pods_CoinCalculatorTests.framework */ = {isa = PBXFileReference; explicitFileType = wrapper.framework; includeInIndex = 0; path = Pods_CoinCalculatorTests.framework; sourceTree = BUILT_PRODUCTS_DIR; };
		5C0739B1A5CA2FD982CDAEA7 /* Pods-CoinCalculator.debug.xcconfig */ = {isa = PBXFileReference; includeInIndex = 1; lastKnownFileType = text.xcconfig; name = "Pods-CoinCalculator.debug.xcconfig"; path = "Pods/Target Support Files/Pods-CoinCalculator/Pods-CoinCalculator.debug.xcconfig"; sourceTree = "<group>"; };
		8F9F55D54272E5AD8A2FC190 /* Pods-CoinCalculator.release.xcconfig */ = {isa = PBXFileReference; includeInIndex = 1; lastKnownFileType = text.xcconfig; name = "Pods-CoinCalculator.release.xcconfig"; path = "Pods/Target Support Files/Pods-CoinCalculator/Pods-CoinCalculator.release.xcconfig"; sourceTree = "<group>"; };
		CAB527DDC234A594130FB113 /* Pods-CoinCalculatorTests.release.xcconfig */ = {isa = PBXFileReference; includeInIndex = 1; lastKnownFileType = text.xcconfig; name = "Pods-CoinCalculatorTests.release.xcconfig"; path = "Pods/Target Support Files/Pods-CoinCalculatorTests/Pods-CoinCalculatorTests.release.xcconfig"; sourceTree = "<group>"; };
		D7225EC982F088D8FDA03832 /* Pods_CoinCalculator.framework */ = {isa = PBXFileReference; explicitFileType = wrapper.framework; includeInIndex = 0; path = Pods_CoinCalculator.framework; sourceTree = BUILT_PRODUCTS_DIR; };
		DA1B185AEC93EF09BF8470D7 /* Pods-CoinCalculatorTests.debug.xcconfig */ = {isa = PBXFileReference; includeInIndex = 1; lastKnownFileType = text.xcconfig; name = "Pods-CoinCalculatorTests.debug.xcconfig"; path = "Pods/Target Support Files/Pods-CoinCalculatorTests/Pods-CoinCalculatorTests.debug.xcconfig"; sourceTree = "<group>"; };
		DA5FD5F22022E6A800C6C1EC /* CalculatorButton.swift */ = {isa = PBXFileReference; lastKnownFileType = sourcecode.swift; path = CalculatorButton.swift; sourceTree = "<group>"; };
		DA72F8A0202826F000C23412 /* CoinInforViewController.swift */ = {isa = PBXFileReference; lastKnownFileType = sourcecode.swift; path = CoinInforViewController.swift; sourceTree = "<group>"; };
		DA9EF0232021ABC80068E900 /* monero_logo.png */ = {isa = PBXFileReference; lastKnownFileType = image.png; path = monero_logo.png; sourceTree = "<group>"; };
		DA9EF0242021ABC80068E900 /* bitcoin_cash_logo.png */ = {isa = PBXFileReference; lastKnownFileType = image.png; path = bitcoin_cash_logo.png; sourceTree = "<group>"; };
		DA9EF0252021ABC80068E900 /* litecoin_png.png */ = {isa = PBXFileReference; lastKnownFileType = image.png; path = litecoin_png.png; sourceTree = "<group>"; };
		DA9EF0262021ABC90068E900 /* ETH_BTC.png */ = {isa = PBXFileReference; lastKnownFileType = image.png; path = ETH_BTC.png; sourceTree = "<group>"; };
		DA9EF0272021ABC90068E900 /* ripple_logo.png */ = {isa = PBXFileReference; lastKnownFileType = image.png; path = ripple_logo.png; sourceTree = "<group>"; };
		DA9EF0282021ABC90068E900 /* zcash_logo.png */ = {isa = PBXFileReference; lastKnownFileType = image.png; path = zcash_logo.png; sourceTree = "<group>"; };
		DA9EF0292021ABC90068E900 /* dash_logo.png */ = {isa = PBXFileReference; lastKnownFileType = image.png; path = dash_logo.png; sourceTree = "<group>"; };
		DA9EF02A2021ABC90068E900 /* Qtum_logo.png */ = {isa = PBXFileReference; lastKnownFileType = image.png; path = Qtum_logo.png; sourceTree = "<group>"; };
		DA9EF02B2021ABC90068E900 /* BTC_JPY.png */ = {isa = PBXFileReference; lastKnownFileType = image.png; path = BTC_JPY.png; sourceTree = "<group>"; };
		DA9EF0362021B5740068E900 /* CoinListCell.swift */ = {isa = PBXFileReference; lastKnownFileType = sourcecode.swift; path = CoinListCell.swift; sourceTree = "<group>"; };
		DAA13C3920219D420061FCE0 /* CoinCalculator.app */ = {isa = PBXFileReference; explicitFileType = wrapper.application; includeInIndex = 0; path = CoinCalculator.app; sourceTree = BUILT_PRODUCTS_DIR; };
		DAA13C3C20219D420061FCE0 /* AppDelegate.swift */ = {isa = PBXFileReference; lastKnownFileType = sourcecode.swift; path = AppDelegate.swift; sourceTree = "<group>"; };
		DAA13C3E20219D430061FCE0 /* MainViewController.swift */ = {isa = PBXFileReference; lastKnownFileType = sourcecode.swift; path = MainViewController.swift; sourceTree = "<group>"; };
		DAA13C4120219D430061FCE0 /* Base */ = {isa = PBXFileReference; lastKnownFileType = file.storyboard; name = Base; path = Base.lproj/Main.storyboard; sourceTree = "<group>"; };
		DAA13C4320219D430061FCE0 /* Assets.xcassets */ = {isa = PBXFileReference; lastKnownFileType = folder.assetcatalog; path = Assets.xcassets; sourceTree = "<group>"; };
		DAA13C4620219D430061FCE0 /* Base */ = {isa = PBXFileReference; lastKnownFileType = file.storyboard; name = Base; path = Base.lproj/LaunchScreen.storyboard; sourceTree = "<group>"; };
		DAA13C4820219D430061FCE0 /* Info.plist */ = {isa = PBXFileReference; lastKnownFileType = text.plist.xml; path = Info.plist; sourceTree = "<group>"; };
		DAA13C4D20219D430061FCE0 /* CoinCalculatorTests.xctest */ = {isa = PBXFileReference; explicitFileType = wrapper.cfbundle; includeInIndex = 0; path = CoinCalculatorTests.xctest; sourceTree = BUILT_PRODUCTS_DIR; };
		DAA13C5120219D430061FCE0 /* CoinCalculatorTests.swift */ = {isa = PBXFileReference; lastKnownFileType = sourcecode.swift; path = CoinCalculatorTests.swift; sourceTree = "<group>"; };
		DAA13C5320219D430061FCE0 /* Info.plist */ = {isa = PBXFileReference; lastKnownFileType = text.plist.xml; path = Info.plist; sourceTree = "<group>"; };
		DAA13C5820219D430061FCE0 /* CoinCalculatorUITests.xctest */ = {isa = PBXFileReference; explicitFileType = wrapper.cfbundle; includeInIndex = 0; path = CoinCalculatorUITests.xctest; sourceTree = BUILT_PRODUCTS_DIR; };
		DAA13C5C20219D430061FCE0 /* CoinCalculatorUITests.swift */ = {isa = PBXFileReference; lastKnownFileType = sourcecode.swift; path = CoinCalculatorUITests.swift; sourceTree = "<group>"; };
		DAA13C5E20219D430061FCE0 /* Info.plist */ = {isa = PBXFileReference; lastKnownFileType = text.plist.xml; path = Info.plist; sourceTree = "<group>"; };
		DAA5ABCA202D9F5B00FC1B2A /* String+Converter.swift */ = {isa = PBXFileReference; lastKnownFileType = sourcecode.swift; path = "String+Converter.swift"; sourceTree = "<group>"; };
		DAC6B55420285B1900CE289E /* MarketViewController.swift */ = {isa = PBXFileReference; fileEncoding = 4; lastKnownFileType = sourcecode.swift; path = MarketViewController.swift; sourceTree = "<group>"; };
		DAC6B55620285B2D00CE289E /* ChartViewController.swift */ = {isa = PBXFileReference; lastKnownFileType = sourcecode.swift; path = ChartViewController.swift; sourceTree = "<group>"; };
		DAC6B55820286E4200CE289E /* MarketPriceCell.swift */ = {isa = PBXFileReference; lastKnownFileType = sourcecode.swift; path = MarketPriceCell.swift; sourceTree = "<group>"; };
		DAC6B55A2028784100CE289E /* Chart.storyboard */ = {isa = PBXFileReference; fileEncoding = 4; lastKnownFileType = file.storyboard; path = Chart.storyboard; sourceTree = "<group>"; };
		DAC6B59C20295FA400CE289E /* Date+Helper.swift */ = {isa = PBXFileReference; fileEncoding = 4; lastKnownFileType = sourcecode.swift; path = "Date+Helper.swift"; sourceTree = "<group>"; };
		DAC6B59D20295FA400CE289E /* BFCoinRealtimeAPI.swift */ = {isa = PBXFileReference; fileEncoding = 4; lastKnownFileType = sourcecode.swift; path = BFCoinRealtimeAPI.swift; sourceTree = "<group>"; };
		DAC6B59E20295FA400CE289E /* BFCoinAPI.swift */ = {isa = PBXFileReference; fileEncoding = 4; lastKnownFileType = sourcecode.swift; path = BFCoinAPI.swift; sourceTree = "<group>"; };
		DAC6B59F20295FA400CE289E /* BFContext.swift */ = {isa = PBXFileReference; fileEncoding = 4; lastKnownFileType = sourcecode.swift; path = BFContext.swift; sourceTree = "<group>"; };
		DAC6B5A020295FA400CE289E /* AppDelegate+RealtimeAPI.swift */ = {isa = PBXFileReference; fileEncoding = 4; lastKnownFileType = sourcecode.swift; path = "AppDelegate+RealtimeAPI.swift"; sourceTree = "<group>"; };
		DAC6B5A220295FA400CE289E /* ChartData.swift */ = {isa = PBXFileReference; fileEncoding = 4; lastKnownFileType = sourcecode.swift; path = ChartData.swift; sourceTree = "<group>"; };
		DAC6B5A320295FA400CE289E /* Execution.swift */ = {isa = PBXFileReference; fileEncoding = 4; lastKnownFileType = sourcecode.swift; path = Execution.swift; sourceTree = "<group>"; };
		DAC6B5A420295FA400CE289E /* Health.swift */ = {isa = PBXFileReference; fileEncoding = 4; lastKnownFileType = sourcecode.swift; path = Health.swift; sourceTree = "<group>"; };
		DAC6B5A520295FA400CE289E /* Board.swift */ = {isa = PBXFileReference; fileEncoding = 4; lastKnownFileType = sourcecode.swift; path = Board.swift; sourceTree = "<group>"; };
		DAC6B5A620295FA400CE289E /* Chat.swift */ = {isa = PBXFileReference; fileEncoding = 4; lastKnownFileType = sourcecode.swift; path = Chat.swift; sourceTree = "<group>"; };
		DAC6B5A720295FA400CE289E /* Ticker.swift */ = {isa = PBXFileReference; fileEncoding = 4; lastKnownFileType = sourcecode.swift; path = Ticker.swift; sourceTree = "<group>"; };
		DAC6B5A820295FA400CE289E /* BoardState.swift */ = {isa = PBXFileReference; fileEncoding = 4; lastKnownFileType = sourcecode.swift; path = BoardState.swift; sourceTree = "<group>"; };
		DAC6B5A920295FA400CE289E /* Market.swift */ = {isa = PBXFileReference; fileEncoding = 4; lastKnownFileType = sourcecode.swift; path = Market.swift; sourceTree = "<group>"; };
		DAC6B5AA20295FA400CE289E /* BFCoinManager.swift */ = {isa = PBXFileReference; fileEncoding = 4; lastKnownFileType = sourcecode.swift; path = BFCoinManager.swift; sourceTree = "<group>"; };
		DAC6B5BC202C214500CE289E /* CoinInfoView.swift */ = {isa = PBXFileReference; lastKnownFileType = sourcecode.swift; path = CoinInfoView.swift; sourceTree = "<group>"; };
		DAC6B5BE202D3D4800CE289E /* coin_calc_icon.png */ = {isa = PBXFileReference; lastKnownFileType = image.png; path = coin_calc_icon.png; sourceTree = "<group>"; };
		DAC6B5C0202D4F4600CE289E /* splash.png */ = {isa = PBXFileReference; lastKnownFileType = image.png; path = splash.png; sourceTree = "<group>"; };
/* End PBXFileReference section */

/* Begin PBXFrameworksBuildPhase section */
		DAA13C3620219D420061FCE0 /* Frameworks */ = {
			isa = PBXFrameworksBuildPhase;
			buildActionMask = 2147483647;
			files = (
				94A62F8C0FE581EF2FDFB059 /* Pods_CoinCalculator.framework in Frameworks */,
			);
			runOnlyForDeploymentPostprocessing = 0;
		};
		DAA13C4A20219D430061FCE0 /* Frameworks */ = {
			isa = PBXFrameworksBuildPhase;
			buildActionMask = 2147483647;
			files = (
				015900783247EEF9BE7BD8D9 /* Pods_CoinCalculatorTests.framework in Frameworks */,
			);
			runOnlyForDeploymentPostprocessing = 0;
		};
		DAA13C5520219D430061FCE0 /* Frameworks */ = {
			isa = PBXFrameworksBuildPhase;
			buildActionMask = 2147483647;
			files = (
				C02B6041B3FAA0F40E4DE736 /* Pods_CoinCalculatorUITests.framework in Frameworks */,
			);
			runOnlyForDeploymentPostprocessing = 0;
		};
/* End PBXFrameworksBuildPhase section */

/* Begin PBXGroup section */
		45354D27272089EC772EDB41 /* Pods */ = {
			isa = PBXGroup;
			children = (
				5C0739B1A5CA2FD982CDAEA7 /* Pods-CoinCalculator.debug.xcconfig */,
				8F9F55D54272E5AD8A2FC190 /* Pods-CoinCalculator.release.xcconfig */,
				DA1B185AEC93EF09BF8470D7 /* Pods-CoinCalculatorTests.debug.xcconfig */,
				CAB527DDC234A594130FB113 /* Pods-CoinCalculatorTests.release.xcconfig */,
				001EF5B27B763C20F49D31D8 /* Pods-CoinCalculatorUITests.debug.xcconfig */,
				56A05D3E1B80D121F4E6B8C3 /* Pods-CoinCalculatorUITests.release.xcconfig */,
			);
			name = Pods;
			sourceTree = "<group>";
		};
		6AA65E5DEB3B17207E9ACC88 /* Frameworks */ = {
			isa = PBXGroup;
			children = (
				D7225EC982F088D8FDA03832 /* Pods_CoinCalculator.framework */,
				56B33EB7C88836EB68612D67 /* Pods_CoinCalculatorTests.framework */,
				46DAA792A1A61822044E1E59 /* Pods_CoinCalculatorUITests.framework */,
			);
			name = Frameworks;
			sourceTree = "<group>";
		};
		DA9EF0222021ABA80068E900 /* images */ = {
			isa = PBXGroup;
			children = (
				40ADF62B202EE1C000C402A9 /* calc_icon.png */,
				40124FAB202ED9F3001423C9 /* no_image.png */,
				DAC6B5BE202D3D4800CE289E /* coin_calc_icon.png */,
				DAC6B5C0202D4F4600CE289E /* splash.png */,
				40124FA9202ED49B001423C9 /* splash_icon.png */,
				DA9EF0242021ABC80068E900 /* bitcoin_cash_logo.png */,
				DA9EF02B2021ABC90068E900 /* BTC_JPY.png */,
				DA9EF0292021ABC90068E900 /* dash_logo.png */,
				DA9EF0262021ABC90068E900 /* ETH_BTC.png */,
				DA9EF0252021ABC80068E900 /* litecoin_png.png */,
				DA9EF0232021ABC80068E900 /* monero_logo.png */,
				DA9EF02A2021ABC90068E900 /* Qtum_logo.png */,
				DA9EF0272021ABC90068E900 /* ripple_logo.png */,
				DA9EF0282021ABC90068E900 /* zcash_logo.png */,
			);
			path = images;
			sourceTree = "<group>";
		};
		DAA13C3020219D420061FCE0 = {
			isa = PBXGroup;
			children = (
				DAA13C3B20219D420061FCE0 /* CoinCalculator */,
				DAA13C5020219D430061FCE0 /* CoinCalculatorTests */,
				DAA13C5B20219D430061FCE0 /* CoinCalculatorUITests */,
				DAA13C3A20219D420061FCE0 /* Products */,
				45354D27272089EC772EDB41 /* Pods */,
				6AA65E5DEB3B17207E9ACC88 /* Frameworks */,
			);
			sourceTree = "<group>";
		};
		DAA13C3A20219D420061FCE0 /* Products */ = {
			isa = PBXGroup;
			children = (
				DAA13C3920219D420061FCE0 /* CoinCalculator.app */,
				DAA13C4D20219D430061FCE0 /* CoinCalculatorTests.xctest */,
				DAA13C5820219D430061FCE0 /* CoinCalculatorUITests.xctest */,
			);
			name = Products;
			sourceTree = "<group>";
		};
		DAA13C3B20219D420061FCE0 /* CoinCalculator */ = {
			isa = PBXGroup;
			children = (
				DAC6B59A20295FA400CE289E /* BFCoinManager */,
				DAA13C6B20219E490061FCE0 /* StoryBoard */,
				DAA13C6C20219E540061FCE0 /* Controller */,
				DAA13C6A20219DC00061FCE0 /* Supporting Files */,
				DA5FD5F22022E6A800C6C1EC /* CalculatorButton.swift */,
				DAA13C4820219D430061FCE0 /* Info.plist */,
			);
			path = CoinCalculator;
			sourceTree = "<group>";
		};
		DAA13C5020219D430061FCE0 /* CoinCalculatorTests */ = {
			isa = PBXGroup;
			children = (
				DAA13C5120219D430061FCE0 /* CoinCalculatorTests.swift */,
				DAA13C5320219D430061FCE0 /* Info.plist */,
			);
			path = CoinCalculatorTests;
			sourceTree = "<group>";
		};
		DAA13C5B20219D430061FCE0 /* CoinCalculatorUITests */ = {
			isa = PBXGroup;
			children = (
				DAA13C5C20219D430061FCE0 /* CoinCalculatorUITests.swift */,
				DAA13C5E20219D430061FCE0 /* Info.plist */,
			);
			path = CoinCalculatorUITests;
			sourceTree = "<group>";
		};
		DAA13C6A20219DC00061FCE0 /* Supporting Files */ = {
			isa = PBXGroup;
			children = (
				DA9EF0222021ABA80068E900 /* images */,
				DAA13C3C20219D420061FCE0 /* AppDelegate.swift */,
				DAA13C4320219D430061FCE0 /* Assets.xcassets */,
				DAA13C4520219D430061FCE0 /* LaunchScreen.storyboard */,
			);
			path = "Supporting Files";
			sourceTree = "<group>";
		};
		DAA13C6B20219E490061FCE0 /* StoryBoard */ = {
			isa = PBXGroup;
			children = (
				DAA13C4020219D430061FCE0 /* Main.storyboard */,
				DAC6B55A2028784100CE289E /* Chart.storyboard */,
			);
			path = StoryBoard;
			sourceTree = "<group>";
		};
		DAA13C6C20219E540061FCE0 /* Controller */ = {
			isa = PBXGroup;
			children = (
				DAC6B5B92029733D00CE289E /* Chart */,
				DAA13C3E20219D430061FCE0 /* MainViewController.swift */,
				DA9EF0362021B5740068E900 /* CoinListCell.swift */,
				DA72F8A0202826F000C23412 /* CoinInforViewController.swift */,
				DAC6B5BC202C214500CE289E /* CoinInfoView.swift */,
				DAC6B55420285B1900CE289E /* MarketViewController.swift */,
				DAC6B55820286E4200CE289E /* MarketPriceCell.swift */,
			);
			path = Controller;
			sourceTree = "<group>";
		};
		DAC6B59A20295FA400CE289E /* BFCoinManager */ = {
			isa = PBXGroup;
			children = (
				DAC6B59B20295FA400CE289E /* Extension */,
				DAC6B59D20295FA400CE289E /* BFCoinRealtimeAPI.swift */,
				DAC6B59E20295FA400CE289E /* BFCoinAPI.swift */,
				DAC6B59F20295FA400CE289E /* BFContext.swift */,
				DAC6B5A020295FA400CE289E /* AppDelegate+RealtimeAPI.swift */,
				DAC6B5A120295FA400CE289E /* Model */,
				DAC6B5AA20295FA400CE289E /* BFCoinManager.swift */,
			);
			path = BFCoinManager;
			sourceTree = "<group>";
		};
		DAC6B59B20295FA400CE289E /* Extension */ = {
			isa = PBXGroup;
			children = (
				DAC6B59C20295FA400CE289E /* Date+Helper.swift */,
				DAA5ABCA202D9F5B00FC1B2A /* String+Converter.swift */,
			);
			path = Extension;
			sourceTree = "<group>";
		};
		DAC6B5A120295FA400CE289E /* Model */ = {
			isa = PBXGroup;
			children = (
				DAC6B5A220295FA400CE289E /* ChartData.swift */,
				DAC6B5A320295FA400CE289E /* Execution.swift */,
				DAC6B5A420295FA400CE289E /* Health.swift */,
				DAC6B5A520295FA400CE289E /* Board.swift */,
				DAC6B5A620295FA400CE289E /* Chat.swift */,
				DAC6B5A720295FA400CE289E /* Ticker.swift */,
				DAC6B5A820295FA400CE289E /* BoardState.swift */,
				DAC6B5A920295FA400CE289E /* Market.swift */,
			);
			path = Model;
			sourceTree = "<group>";
		};
		DAC6B5B92029733D00CE289E /* Chart */ = {
			isa = PBXGroup;
			children = (
				DAC6B55620285B2D00CE289E /* ChartViewController.swift */,
			);
			path = Chart;
			sourceTree = "<group>";
		};
/* End PBXGroup section */

/* Begin PBXNativeTarget section */
		DAA13C3820219D420061FCE0 /* CoinCalculator */ = {
			isa = PBXNativeTarget;
			buildConfigurationList = DAA13C6120219D430061FCE0 /* Build configuration list for PBXNativeTarget "CoinCalculator" */;
			buildPhases = (
				6C993DE684EC5378A0195BAF /* [CP] Check Pods Manifest.lock */,
				DAA13C3520219D420061FCE0 /* Sources */,
				DAA13C3620219D420061FCE0 /* Frameworks */,
				DAA13C3720219D420061FCE0 /* Resources */,
				9E3DB8506EA65239DD7E6267 /* [CP] Embed Pods Frameworks */,
				78C9F38506B7D18B924849DD /* [CP] Copy Pods Resources */,
			);
			buildRules = (
			);
			dependencies = (
			);
			name = CoinCalculator;
			productName = CoinCalculator;
			productReference = DAA13C3920219D420061FCE0 /* CoinCalculator.app */;
			productType = "com.apple.product-type.application";
		};
		DAA13C4C20219D430061FCE0 /* CoinCalculatorTests */ = {
			isa = PBXNativeTarget;
			buildConfigurationList = DAA13C6420219D430061FCE0 /* Build configuration list for PBXNativeTarget "CoinCalculatorTests" */;
			buildPhases = (
				26C2BBBC1479F7CC1CE31EA7 /* [CP] Check Pods Manifest.lock */,
				DAA13C4920219D430061FCE0 /* Sources */,
				DAA13C4A20219D430061FCE0 /* Frameworks */,
				DAA13C4B20219D430061FCE0 /* Resources */,
				F05A8B6D81A425A12B176FB6 /* [CP] Embed Pods Frameworks */,
				5F361451D3071B5669F7099A /* [CP] Copy Pods Resources */,
			);
			buildRules = (
			);
			dependencies = (
				DAA13C4F20219D430061FCE0 /* PBXTargetDependency */,
			);
			name = CoinCalculatorTests;
			productName = CoinCalculatorTests;
			productReference = DAA13C4D20219D430061FCE0 /* CoinCalculatorTests.xctest */;
			productType = "com.apple.product-type.bundle.unit-test";
		};
		DAA13C5720219D430061FCE0 /* CoinCalculatorUITests */ = {
			isa = PBXNativeTarget;
			buildConfigurationList = DAA13C6720219D430061FCE0 /* Build configuration list for PBXNativeTarget "CoinCalculatorUITests" */;
			buildPhases = (
				344C42DDE60E6FCF79F076F2 /* [CP] Check Pods Manifest.lock */,
				DAA13C5420219D430061FCE0 /* Sources */,
				DAA13C5520219D430061FCE0 /* Frameworks */,
				DAA13C5620219D430061FCE0 /* Resources */,
				D84F887AF4F299E63626B084 /* [CP] Embed Pods Frameworks */,
				99CDF14FFD5A6D9507C0B284 /* [CP] Copy Pods Resources */,
			);
			buildRules = (
			);
			dependencies = (
				DAA13C5A20219D430061FCE0 /* PBXTargetDependency */,
			);
			name = CoinCalculatorUITests;
			productName = CoinCalculatorUITests;
			productReference = DAA13C5820219D430061FCE0 /* CoinCalculatorUITests.xctest */;
			productType = "com.apple.product-type.bundle.ui-testing";
		};
/* End PBXNativeTarget section */

/* Begin PBXProject section */
		DAA13C3120219D420061FCE0 /* Project object */ = {
			isa = PBXProject;
			attributes = {
				LastSwiftUpdateCheck = 0920;
				LastUpgradeCheck = 0920;
				ORGANIZATIONNAME = "archive-asia";
				TargetAttributes = {
					DAA13C3820219D420061FCE0 = {
						CreatedOnToolsVersion = 9.2;
						ProvisioningStyle = Automatic;
					};
					DAA13C4C20219D430061FCE0 = {
						CreatedOnToolsVersion = 9.2;
						ProvisioningStyle = Automatic;
						TestTargetID = DAA13C3820219D420061FCE0;
					};
					DAA13C5720219D430061FCE0 = {
						CreatedOnToolsVersion = 9.2;
						ProvisioningStyle = Automatic;
						TestTargetID = DAA13C3820219D420061FCE0;
					};
				};
			};
			buildConfigurationList = DAA13C3420219D420061FCE0 /* Build configuration list for PBXProject "CoinCalculator" */;
			compatibilityVersion = "Xcode 8.0";
			developmentRegion = en;
			hasScannedForEncodings = 0;
			knownRegions = (
				en,
				Base,
			);
			mainGroup = DAA13C3020219D420061FCE0;
			productRefGroup = DAA13C3A20219D420061FCE0 /* Products */;
			projectDirPath = "";
			projectRoot = "";
			targets = (
				DAA13C3820219D420061FCE0 /* CoinCalculator */,
				DAA13C4C20219D430061FCE0 /* CoinCalculatorTests */,
				DAA13C5720219D430061FCE0 /* CoinCalculatorUITests */,
			);
		};
/* End PBXProject section */

/* Begin PBXResourcesBuildPhase section */
		DAA13C3720219D420061FCE0 /* Resources */ = {
			isa = PBXResourcesBuildPhase;
			buildActionMask = 2147483647;
			files = (
				DA9EF0312021ABC90068E900 /* zcash_logo.png in Resources */,
				DAA13C4720219D430061FCE0 /* LaunchScreen.storyboard in Resources */,
				DAA13C4420219D430061FCE0 /* Assets.xcassets in Resources */,
				DA9EF02D2021ABC90068E900 /* bitcoin_cash_logo.png in Resources */,
				DAC6B5C1202D4F4700CE289E /* splash.png in Resources */,
				40124FAA202ED49B001423C9 /* splash_icon.png in Resources */,
				DAC6B5BF202D3D4A00CE289E /* coin_calc_icon.png in Resources */,
				DA9EF0322021ABC90068E900 /* dash_logo.png in Resources */,
				DA9EF0342021ABC90068E900 /* BTC_JPY.png in Resources */,
				DA9EF02C2021ABC90068E900 /* monero_logo.png in Resources */,
				DAC6B55B2028784100CE289E /* Chart.storyboard in Resources */,
				DA9EF02E2021ABC90068E900 /* litecoin_png.png in Resources */,
				DAA13C4220219D430061FCE0 /* Main.storyboard in Resources */,
				DA9EF0332021ABC90068E900 /* Qtum_logo.png in Resources */,
				DA9EF0302021ABC90068E900 /* ripple_logo.png in Resources */,
				40ADF62C202EE1C000C402A9 /* calc_icon.png in Resources */,
				40124FAC202ED9F3001423C9 /* no_image.png in Resources */,
				DA9EF02F2021ABC90068E900 /* ETH_BTC.png in Resources */,
			);
			runOnlyForDeploymentPostprocessing = 0;
		};
		DAA13C4B20219D430061FCE0 /* Resources */ = {
			isa = PBXResourcesBuildPhase;
			buildActionMask = 2147483647;
			files = (
			);
			runOnlyForDeploymentPostprocessing = 0;
		};
		DAA13C5620219D430061FCE0 /* Resources */ = {
			isa = PBXResourcesBuildPhase;
			buildActionMask = 2147483647;
			files = (
			);
			runOnlyForDeploymentPostprocessing = 0;
		};
/* End PBXResourcesBuildPhase section */

/* Begin PBXShellScriptBuildPhase section */
		26C2BBBC1479F7CC1CE31EA7 /* [CP] Check Pods Manifest.lock */ = {
			isa = PBXShellScriptBuildPhase;
			buildActionMask = 2147483647;
			files = (
			);
			inputPaths = (
				"${PODS_PODFILE_DIR_PATH}/Podfile.lock",
				"${PODS_ROOT}/Manifest.lock",
			);
			name = "[CP] Check Pods Manifest.lock";
			outputPaths = (
				"$(DERIVED_FILE_DIR)/Pods-CoinCalculatorTests-checkManifestLockResult.txt",
			);
			runOnlyForDeploymentPostprocessing = 0;
			shellPath = /bin/sh;
			shellScript = "diff \"${PODS_PODFILE_DIR_PATH}/Podfile.lock\" \"${PODS_ROOT}/Manifest.lock\" > /dev/null\nif [ $? != 0 ] ; then\n    # print error to STDERR\n    echo \"error: The sandbox is not in sync with the Podfile.lock. Run 'pod install' or update your CocoaPods installation.\" >&2\n    exit 1\nfi\n# This output is used by Xcode 'outputs' to avoid re-running this script phase.\necho \"SUCCESS\" > \"${SCRIPT_OUTPUT_FILE_0}\"\n";
			showEnvVarsInLog = 0;
		};
		344C42DDE60E6FCF79F076F2 /* [CP] Check Pods Manifest.lock */ = {
			isa = PBXShellScriptBuildPhase;
			buildActionMask = 2147483647;
			files = (
			);
			inputPaths = (
				"${PODS_PODFILE_DIR_PATH}/Podfile.lock",
				"${PODS_ROOT}/Manifest.lock",
			);
			name = "[CP] Check Pods Manifest.lock";
			outputPaths = (
				"$(DERIVED_FILE_DIR)/Pods-CoinCalculatorUITests-checkManifestLockResult.txt",
			);
			runOnlyForDeploymentPostprocessing = 0;
			shellPath = /bin/sh;
			shellScript = "diff \"${PODS_PODFILE_DIR_PATH}/Podfile.lock\" \"${PODS_ROOT}/Manifest.lock\" > /dev/null\nif [ $? != 0 ] ; then\n    # print error to STDERR\n    echo \"error: The sandbox is not in sync with the Podfile.lock. Run 'pod install' or update your CocoaPods installation.\" >&2\n    exit 1\nfi\n# This output is used by Xcode 'outputs' to avoid re-running this script phase.\necho \"SUCCESS\" > \"${SCRIPT_OUTPUT_FILE_0}\"\n";
			showEnvVarsInLog = 0;
		};
		5F361451D3071B5669F7099A /* [CP] Copy Pods Resources */ = {
			isa = PBXShellScriptBuildPhase;
			buildActionMask = 2147483647;
			files = (
			);
			inputPaths = (
			);
			name = "[CP] Copy Pods Resources";
			outputPaths = (
			);
			runOnlyForDeploymentPostprocessing = 0;
			shellPath = /bin/sh;
			shellScript = "\"${SRCROOT}/Pods/Target Support Files/Pods-CoinCalculatorTests/Pods-CoinCalculatorTests-resources.sh\"\n";
			showEnvVarsInLog = 0;
		};
		6C993DE684EC5378A0195BAF /* [CP] Check Pods Manifest.lock */ = {
			isa = PBXShellScriptBuildPhase;
			buildActionMask = 2147483647;
			files = (
			);
			inputPaths = (
				"${PODS_PODFILE_DIR_PATH}/Podfile.lock",
				"${PODS_ROOT}/Manifest.lock",
			);
			name = "[CP] Check Pods Manifest.lock";
			outputPaths = (
				"$(DERIVED_FILE_DIR)/Pods-CoinCalculator-checkManifestLockResult.txt",
			);
			runOnlyForDeploymentPostprocessing = 0;
			shellPath = /bin/sh;
			shellScript = "diff \"${PODS_PODFILE_DIR_PATH}/Podfile.lock\" \"${PODS_ROOT}/Manifest.lock\" > /dev/null\nif [ $? != 0 ] ; then\n    # print error to STDERR\n    echo \"error: The sandbox is not in sync with the Podfile.lock. Run 'pod install' or update your CocoaPods installation.\" >&2\n    exit 1\nfi\n# This output is used by Xcode 'outputs' to avoid re-running this script phase.\necho \"SUCCESS\" > \"${SCRIPT_OUTPUT_FILE_0}\"\n";
			showEnvVarsInLog = 0;
		};
		78C9F38506B7D18B924849DD /* [CP] Copy Pods Resources */ = {
			isa = PBXShellScriptBuildPhase;
			buildActionMask = 2147483647;
			files = (
			);
			inputPaths = (
			);
			name = "[CP] Copy Pods Resources";
			outputPaths = (
			);
			runOnlyForDeploymentPostprocessing = 0;
			shellPath = /bin/sh;
			shellScript = "\"${SRCROOT}/Pods/Target Support Files/Pods-CoinCalculator/Pods-CoinCalculator-resources.sh\"\n";
			showEnvVarsInLog = 0;
		};
		99CDF14FFD5A6D9507C0B284 /* [CP] Copy Pods Resources */ = {
			isa = PBXShellScriptBuildPhase;
			buildActionMask = 2147483647;
			files = (
			);
			inputPaths = (
			);
			name = "[CP] Copy Pods Resources";
			outputPaths = (
			);
			runOnlyForDeploymentPostprocessing = 0;
			shellPath = /bin/sh;
			shellScript = "\"${SRCROOT}/Pods/Target Support Files/Pods-CoinCalculatorUITests/Pods-CoinCalculatorUITests-resources.sh\"\n";
			showEnvVarsInLog = 0;
		};
		9E3DB8506EA65239DD7E6267 /* [CP] Embed Pods Frameworks */ = {
			isa = PBXShellScriptBuildPhase;
			buildActionMask = 2147483647;
			files = (
			);
			inputPaths = (
				"${SRCROOT}/Pods/Target Support Files/Pods-CoinCalculator/Pods-CoinCalculator-frameworks.sh",
				"${BUILT_PRODUCTS_DIR}/Alamofire/Alamofire.framework",
				"${BUILT_PRODUCTS_DIR}/Charts/Charts.framework",
				"${BUILT_PRODUCTS_DIR}/PubNub/PubNub.framework",
			);
			name = "[CP] Embed Pods Frameworks";
			outputPaths = (
				"${TARGET_BUILD_DIR}/${FRAMEWORKS_FOLDER_PATH}/Alamofire.framework",
				"${TARGET_BUILD_DIR}/${FRAMEWORKS_FOLDER_PATH}/Charts.framework",
				"${TARGET_BUILD_DIR}/${FRAMEWORKS_FOLDER_PATH}/PubNub.framework",
			);
			runOnlyForDeploymentPostprocessing = 0;
			shellPath = /bin/sh;
			shellScript = "\"${SRCROOT}/Pods/Target Support Files/Pods-CoinCalculator/Pods-CoinCalculator-frameworks.sh\"\n";
			showEnvVarsInLog = 0;
		};
		D84F887AF4F299E63626B084 /* [CP] Embed Pods Frameworks */ = {
			isa = PBXShellScriptBuildPhase;
			buildActionMask = 2147483647;
			files = (
			);
			inputPaths = (
			);
			name = "[CP] Embed Pods Frameworks";
			outputPaths = (
			);
			runOnlyForDeploymentPostprocessing = 0;
			shellPath = /bin/sh;
			shellScript = "\"${SRCROOT}/Pods/Target Support Files/Pods-CoinCalculatorUITests/Pods-CoinCalculatorUITests-frameworks.sh\"\n";
			showEnvVarsInLog = 0;
		};
		F05A8B6D81A425A12B176FB6 /* [CP] Embed Pods Frameworks */ = {
			isa = PBXShellScriptBuildPhase;
			buildActionMask = 2147483647;
			files = (
			);
			inputPaths = (
			);
			name = "[CP] Embed Pods Frameworks";
			outputPaths = (
			);
			runOnlyForDeploymentPostprocessing = 0;
			shellPath = /bin/sh;
			shellScript = "\"${SRCROOT}/Pods/Target Support Files/Pods-CoinCalculatorTests/Pods-CoinCalculatorTests-frameworks.sh\"\n";
			showEnvVarsInLog = 0;
		};
/* End PBXShellScriptBuildPhase section */

/* Begin PBXSourcesBuildPhase section */
		DAA13C3520219D420061FCE0 /* Sources */ = {
			isa = PBXSourcesBuildPhase;
			buildActionMask = 2147483647;
			files = (
				DAC6B5BD202C214500CE289E /* CoinInfoView.swift in Sources */,
				DAA13C3F20219D430061FCE0 /* MainViewController.swift in Sources */,
				DA9EF0372021B5740068E900 /* CoinListCell.swift in Sources */,
				DAA5ABCB202D9F5B00FC1B2A /* String+Converter.swift in Sources */,
				DAC6B5B720295FA400CE289E /* Market.swift in Sources */,
				DAC6B55920286E4200CE289E /* MarketPriceCell.swift in Sources */,
				DAA13C3D20219D420061FCE0 /* AppDelegate.swift in Sources */,
				DAC6B5B320295FA400CE289E /* Board.swift in Sources */,
				DAC6B5B020295FA400CE289E /* ChartData.swift in Sources */,
				DAC6B5AD20295FA400CE289E /* BFCoinAPI.swift in Sources */,
				DAC6B5B520295FA400CE289E /* Ticker.swift in Sources */,
				DAC6B5B620295FA400CE289E /* BoardState.swift in Sources */,
				DAC6B5B120295FA400CE289E /* Execution.swift in Sources */,
				DAC6B5AC20295FA400CE289E /* BFCoinRealtimeAPI.swift in Sources */,
				DAC6B55720285B2D00CE289E /* ChartViewController.swift in Sources */,
				DAC6B5AB20295FA400CE289E /* Date+Helper.swift in Sources */,
				DAC6B55520285B1900CE289E /* MarketViewController.swift in Sources */,
				DA5FD5F32022E6A800C6C1EC /* CalculatorButton.swift in Sources */,
				DAC6B5B820295FA400CE289E /* BFCoinManager.swift in Sources */,
				DAC6B5B420295FA400CE289E /* Chat.swift in Sources */,
				DA72F8A1202826F000C23412 /* CoinInforViewController.swift in Sources */,
				DAC6B5B220295FA400CE289E /* Health.swift in Sources */,
				DAC6B5AF20295FA400CE289E /* AppDelegate+RealtimeAPI.swift in Sources */,
				DAC6B5AE20295FA400CE289E /* BFContext.swift in Sources */,
			);
			runOnlyForDeploymentPostprocessing = 0;
		};
		DAA13C4920219D430061FCE0 /* Sources */ = {
			isa = PBXSourcesBuildPhase;
			buildActionMask = 2147483647;
			files = (
				DAA13C5220219D430061FCE0 /* CoinCalculatorTests.swift in Sources */,
			);
			runOnlyForDeploymentPostprocessing = 0;
		};
		DAA13C5420219D430061FCE0 /* Sources */ = {
			isa = PBXSourcesBuildPhase;
			buildActionMask = 2147483647;
			files = (
				DAA13C5D20219D430061FCE0 /* CoinCalculatorUITests.swift in Sources */,
			);
			runOnlyForDeploymentPostprocessing = 0;
		};
/* End PBXSourcesBuildPhase section */

/* Begin PBXTargetDependency section */
		DAA13C4F20219D430061FCE0 /* PBXTargetDependency */ = {
			isa = PBXTargetDependency;
			target = DAA13C3820219D420061FCE0 /* CoinCalculator */;
			targetProxy = DAA13C4E20219D430061FCE0 /* PBXContainerItemProxy */;
		};
		DAA13C5A20219D430061FCE0 /* PBXTargetDependency */ = {
			isa = PBXTargetDependency;
			target = DAA13C3820219D420061FCE0 /* CoinCalculator */;
			targetProxy = DAA13C5920219D430061FCE0 /* PBXContainerItemProxy */;
		};
/* End PBXTargetDependency section */

/* Begin PBXVariantGroup section */
		DAA13C4020219D430061FCE0 /* Main.storyboard */ = {
			isa = PBXVariantGroup;
			children = (
				DAA13C4120219D430061FCE0 /* Base */,
			);
			name = Main.storyboard;
			sourceTree = "<group>";
		};
		DAA13C4520219D430061FCE0 /* LaunchScreen.storyboard */ = {
			isa = PBXVariantGroup;
			children = (
				DAA13C4620219D430061FCE0 /* Base */,
			);
			name = LaunchScreen.storyboard;
			sourceTree = "<group>";
		};
/* End PBXVariantGroup section */

/* Begin XCBuildConfiguration section */
		DAA13C5F20219D430061FCE0 /* Debug */ = {
			isa = XCBuildConfiguration;
			buildSettings = {
				ALWAYS_SEARCH_USER_PATHS = NO;
				CLANG_ANALYZER_NONNULL = YES;
				CLANG_ANALYZER_NUMBER_OBJECT_CONVERSION = YES_AGGRESSIVE;
				CLANG_CXX_LANGUAGE_STANDARD = "gnu++14";
				CLANG_CXX_LIBRARY = "libc++";
				CLANG_ENABLE_MODULES = YES;
				CLANG_ENABLE_OBJC_ARC = YES;
				CLANG_WARN_BLOCK_CAPTURE_AUTORELEASING = YES;
				CLANG_WARN_BOOL_CONVERSION = YES;
				CLANG_WARN_COMMA = YES;
				CLANG_WARN_CONSTANT_CONVERSION = YES;
				CLANG_WARN_DIRECT_OBJC_ISA_USAGE = YES_ERROR;
				CLANG_WARN_DOCUMENTATION_COMMENTS = YES;
				CLANG_WARN_EMPTY_BODY = YES;
				CLANG_WARN_ENUM_CONVERSION = YES;
				CLANG_WARN_INFINITE_RECURSION = YES;
				CLANG_WARN_INT_CONVERSION = YES;
				CLANG_WARN_NON_LITERAL_NULL_CONVERSION = YES;
				CLANG_WARN_OBJC_LITERAL_CONVERSION = YES;
				CLANG_WARN_OBJC_ROOT_CLASS = YES_ERROR;
				CLANG_WARN_RANGE_LOOP_ANALYSIS = YES;
				CLANG_WARN_STRICT_PROTOTYPES = YES;
				CLANG_WARN_SUSPICIOUS_MOVE = YES;
				CLANG_WARN_UNGUARDED_AVAILABILITY = YES_AGGRESSIVE;
				CLANG_WARN_UNREACHABLE_CODE = YES;
				CLANG_WARN__DUPLICATE_METHOD_MATCH = YES;
				CODE_SIGN_IDENTITY = "iPhone Developer";
				COPY_PHASE_STRIP = NO;
				DEBUG_INFORMATION_FORMAT = dwarf;
				ENABLE_STRICT_OBJC_MSGSEND = YES;
				ENABLE_TESTABILITY = YES;
				GCC_C_LANGUAGE_STANDARD = gnu11;
				GCC_DYNAMIC_NO_PIC = NO;
				GCC_NO_COMMON_BLOCKS = YES;
				GCC_OPTIMIZATION_LEVEL = 0;
				GCC_PREPROCESSOR_DEFINITIONS = (
					"DEBUG=1",
					"$(inherited)",
				);
				GCC_WARN_64_TO_32_BIT_CONVERSION = YES;
				GCC_WARN_ABOUT_RETURN_TYPE = YES_ERROR;
				GCC_WARN_UNDECLARED_SELECTOR = YES;
				GCC_WARN_UNINITIALIZED_AUTOS = YES_AGGRESSIVE;
				GCC_WARN_UNUSED_FUNCTION = YES;
				GCC_WARN_UNUSED_VARIABLE = YES;
				IPHONEOS_DEPLOYMENT_TARGET = 11.2;
				MTL_ENABLE_DEBUG_INFO = YES;
				ONLY_ACTIVE_ARCH = YES;
				SDKROOT = iphoneos;
				SWIFT_ACTIVE_COMPILATION_CONDITIONS = DEBUG;
				SWIFT_OPTIMIZATION_LEVEL = "-Onone";
			};
			name = Debug;
		};
		DAA13C6020219D430061FCE0 /* Release */ = {
			isa = XCBuildConfiguration;
			buildSettings = {
				ALWAYS_SEARCH_USER_PATHS = NO;
				CLANG_ANALYZER_NONNULL = YES;
				CLANG_ANALYZER_NUMBER_OBJECT_CONVERSION = YES_AGGRESSIVE;
				CLANG_CXX_LANGUAGE_STANDARD = "gnu++14";
				CLANG_CXX_LIBRARY = "libc++";
				CLANG_ENABLE_MODULES = YES;
				CLANG_ENABLE_OBJC_ARC = YES;
				CLANG_WARN_BLOCK_CAPTURE_AUTORELEASING = YES;
				CLANG_WARN_BOOL_CONVERSION = YES;
				CLANG_WARN_COMMA = YES;
				CLANG_WARN_CONSTANT_CONVERSION = YES;
				CLANG_WARN_DIRECT_OBJC_ISA_USAGE = YES_ERROR;
				CLANG_WARN_DOCUMENTATION_COMMENTS = YES;
				CLANG_WARN_EMPTY_BODY = YES;
				CLANG_WARN_ENUM_CONVERSION = YES;
				CLANG_WARN_INFINITE_RECURSION = YES;
				CLANG_WARN_INT_CONVERSION = YES;
				CLANG_WARN_NON_LITERAL_NULL_CONVERSION = YES;
				CLANG_WARN_OBJC_LITERAL_CONVERSION = YES;
				CLANG_WARN_OBJC_ROOT_CLASS = YES_ERROR;
				CLANG_WARN_RANGE_LOOP_ANALYSIS = YES;
				CLANG_WARN_STRICT_PROTOTYPES = YES;
				CLANG_WARN_SUSPICIOUS_MOVE = YES;
				CLANG_WARN_UNGUARDED_AVAILABILITY = YES_AGGRESSIVE;
				CLANG_WARN_UNREACHABLE_CODE = YES;
				CLANG_WARN__DUPLICATE_METHOD_MATCH = YES;
				CODE_SIGN_IDENTITY = "iPhone Developer";
				COPY_PHASE_STRIP = NO;
				DEBUG_INFORMATION_FORMAT = "dwarf-with-dsym";
				ENABLE_NS_ASSERTIONS = NO;
				ENABLE_STRICT_OBJC_MSGSEND = YES;
				GCC_C_LANGUAGE_STANDARD = gnu11;
				GCC_NO_COMMON_BLOCKS = YES;
				GCC_WARN_64_TO_32_BIT_CONVERSION = YES;
				GCC_WARN_ABOUT_RETURN_TYPE = YES_ERROR;
				GCC_WARN_UNDECLARED_SELECTOR = YES;
				GCC_WARN_UNINITIALIZED_AUTOS = YES_AGGRESSIVE;
				GCC_WARN_UNUSED_FUNCTION = YES;
				GCC_WARN_UNUSED_VARIABLE = YES;
				IPHONEOS_DEPLOYMENT_TARGET = 11.2;
				MTL_ENABLE_DEBUG_INFO = NO;
				SDKROOT = iphoneos;
				SWIFT_OPTIMIZATION_LEVEL = "-Owholemodule";
				VALIDATE_PRODUCT = YES;
			};
			name = Release;
		};
		DAA13C6220219D430061FCE0 /* Debug */ = {
			isa = XCBuildConfiguration;
			baseConfigurationReference = 5C0739B1A5CA2FD982CDAEA7 /* Pods-CoinCalculator.debug.xcconfig */;
			buildSettings = {
				ASSETCATALOG_COMPILER_APPICON_NAME = AppIcon;
				CODE_SIGN_STYLE = Automatic;
				DEVELOPMENT_TEAM = Y8RKPBJ3Y3;
				INFOPLIST_FILE = CoinCalculator/Info.plist;
				IPHONEOS_DEPLOYMENT_TARGET = 10.0;
				LD_RUNPATH_SEARCH_PATHS = "$(inherited) @executable_path/Frameworks";
				PRODUCT_BUNDLE_IDENTIFIER = "jp.co.archive-asia.CoinCalculator";
				PRODUCT_NAME = "$(TARGET_NAME)";
				SWIFT_VERSION = 4.0;
				TARGETED_DEVICE_FAMILY = "1,2";
			};
			name = Debug;
		};
		DAA13C6320219D430061FCE0 /* Release */ = {
			isa = XCBuildConfiguration;
			baseConfigurationReference = 8F9F55D54272E5AD8A2FC190 /* Pods-CoinCalculator.release.xcconfig */;
			buildSettings = {
				ASSETCATALOG_COMPILER_APPICON_NAME = AppIcon;
				CODE_SIGN_STYLE = Automatic;
				DEVELOPMENT_TEAM = Y8RKPBJ3Y3;
				INFOPLIST_FILE = CoinCalculator/Info.plist;
				IPHONEOS_DEPLOYMENT_TARGET = 10.0;
				LD_RUNPATH_SEARCH_PATHS = "$(inherited) @executable_path/Frameworks";
				PRODUCT_BUNDLE_IDENTIFIER = "jp.co.archive-asia.CoinCalculator";
				PRODUCT_NAME = "$(TARGET_NAME)";
				SWIFT_VERSION = 4.0;
				TARGETED_DEVICE_FAMILY = "1,2";
			};
			name = Release;
		};
		DAA13C6520219D430061FCE0 /* Debug */ = {
			isa = XCBuildConfiguration;
			baseConfigurationReference = DA1B185AEC93EF09BF8470D7 /* Pods-CoinCalculatorTests.debug.xcconfig */;
			buildSettings = {
				ALWAYS_EMBED_SWIFT_STANDARD_LIBRARIES = YES;
				BUNDLE_LOADER = "$(TEST_HOST)";
				CODE_SIGN_STYLE = Automatic;
				DEVELOPMENT_TEAM = Y8RKPBJ3Y3;
				INFOPLIST_FILE = CoinCalculatorTests/Info.plist;
				IPHONEOS_DEPLOYMENT_TARGET = 10.0;
				LD_RUNPATH_SEARCH_PATHS = "$(inherited) @executable_path/Frameworks @loader_path/Frameworks";
				PRODUCT_BUNDLE_IDENTIFIER = "jp.co.archive-asia.CoinCalculatorTests";
				PRODUCT_NAME = "$(TARGET_NAME)";
				SWIFT_VERSION = 4.0;
				TARGETED_DEVICE_FAMILY = "1,2";
				TEST_HOST = "$(BUILT_PRODUCTS_DIR)/CoinCalculator.app/CoinCalculator";
			};
			name = Debug;
		};
		DAA13C6620219D430061FCE0 /* Release */ = {
			isa = XCBuildConfiguration;
			baseConfigurationReference = CAB527DDC234A594130FB113 /* Pods-CoinCalculatorTests.release.xcconfig */;
			buildSettings = {
				ALWAYS_EMBED_SWIFT_STANDARD_LIBRARIES = YES;
				BUNDLE_LOADER = "$(TEST_HOST)";
				CODE_SIGN_STYLE = Automatic;
				DEVELOPMENT_TEAM = Y8RKPBJ3Y3;
				INFOPLIST_FILE = CoinCalculatorTests/Info.plist;
				IPHONEOS_DEPLOYMENT_TARGET = 10.0;
				LD_RUNPATH_SEARCH_PATHS = "$(inherited) @executable_path/Frameworks @loader_path/Frameworks";
				PRODUCT_BUNDLE_IDENTIFIER = "jp.co.archive-asia.CoinCalculatorTests";
				PRODUCT_NAME = "$(TARGET_NAME)";
				SWIFT_VERSION = 4.0;
				TARGETED_DEVICE_FAMILY = "1,2";
				TEST_HOST = "$(BUILT_PRODUCTS_DIR)/CoinCalculator.app/CoinCalculator";
			};
			name = Release;
		};
		DAA13C6820219D430061FCE0 /* Debug */ = {
			isa = XCBuildConfiguration;
			baseConfigurationReference = 001EF5B27B763C20F49D31D8 /* Pods-CoinCalculatorUITests.debug.xcconfig */;
			buildSettings = {
				ALWAYS_EMBED_SWIFT_STANDARD_LIBRARIES = YES;
				CODE_SIGN_STYLE = Automatic;
				DEVELOPMENT_TEAM = Y8RKPBJ3Y3;
				INFOPLIST_FILE = CoinCalculatorUITests/Info.plist;
				IPHONEOS_DEPLOYMENT_TARGET = 10.0;
				LD_RUNPATH_SEARCH_PATHS = "$(inherited) @executable_path/Frameworks @loader_path/Frameworks";
				PRODUCT_BUNDLE_IDENTIFIER = "jp.co.archive-asia.CoinCalculatorUITests";
				PRODUCT_NAME = "$(TARGET_NAME)";
				SWIFT_VERSION = 4.0;
				TARGETED_DEVICE_FAMILY = "1,2";
				TEST_TARGET_NAME = CoinCalculator;
			};
			name = Debug;
		};
		DAA13C6920219D430061FCE0 /* Release */ = {
			isa = XCBuildConfiguration;
			baseConfigurationReference = 56A05D3E1B80D121F4E6B8C3 /* Pods-CoinCalculatorUITests.release.xcconfig */;
			buildSettings = {
				ALWAYS_EMBED_SWIFT_STANDARD_LIBRARIES = YES;
				CODE_SIGN_STYLE = Automatic;
				DEVELOPMENT_TEAM = Y8RKPBJ3Y3;
				INFOPLIST_FILE = CoinCalculatorUITests/Info.plist;
				IPHONEOS_DEPLOYMENT_TARGET = 10.0;
				LD_RUNPATH_SEARCH_PATHS = "$(inherited) @executable_path/Frameworks @loader_path/Frameworks";
				PRODUCT_BUNDLE_IDENTIFIER = "jp.co.archive-asia.CoinCalculatorUITests";
				PRODUCT_NAME = "$(TARGET_NAME)";
				SWIFT_VERSION = 4.0;
				TARGETED_DEVICE_FAMILY = "1,2";
				TEST_TARGET_NAME = CoinCalculator;
			};
			name = Release;
		};
/* End XCBuildConfiguration section */

/* Begin XCConfigurationList section */
		DAA13C3420219D420061FCE0 /* Build configuration list for PBXProject "CoinCalculator" */ = {
			isa = XCConfigurationList;
			buildConfigurations = (
				DAA13C5F20219D430061FCE0 /* Debug */,
				DAA13C6020219D430061FCE0 /* Release */,
			);
			defaultConfigurationIsVisible = 0;
			defaultConfigurationName = Release;
		};
		DAA13C6120219D430061FCE0 /* Build configuration list for PBXNativeTarget "CoinCalculator" */ = {
			isa = XCConfigurationList;
			buildConfigurations = (
				DAA13C6220219D430061FCE0 /* Debug */,
				DAA13C6320219D430061FCE0 /* Release */,
			);
			defaultConfigurationIsVisible = 0;
			defaultConfigurationName = Release;
		};
		DAA13C6420219D430061FCE0 /* Build configuration list for PBXNativeTarget "CoinCalculatorTests" */ = {
			isa = XCConfigurationList;
			buildConfigurations = (
				DAA13C6520219D430061FCE0 /* Debug */,
				DAA13C6620219D430061FCE0 /* Release */,
			);
			defaultConfigurationIsVisible = 0;
			defaultConfigurationName = Release;
		};
		DAA13C6720219D430061FCE0 /* Build configuration list for PBXNativeTarget "CoinCalculatorUITests" */ = {
			isa = XCConfigurationList;
			buildConfigurations = (
				DAA13C6820219D430061FCE0 /* Debug */,
				DAA13C6920219D430061FCE0 /* Release */,
			);
			defaultConfigurationIsVisible = 0;
			defaultConfigurationName = Release;
		};
/* End XCConfigurationList section */
	};
	rootObject = DAA13C3120219D420061FCE0 /* Project object */;
}
