PODS:
  - Alamofire (4.6.0)
  - PubNub (4.7.6):
    - PubNub/Core (= 4.7.6)
  - PubNub/Core (4.7.6)

DEPENDENCIES:
  - Alamofire (~> 4.5)
  - PubNub (~> 4)

SPEC CHECKSUMS:
  Alamofire: f41a599bd63041760b26d393ec1069d9d7b917f4
  PubNub: f788c31977e6ef52c88a7080d7d6d30f896c43b2

PODFILE CHECKSUM: df5127ce81df62a8a77bd119484ddc33483d48fd

COCOAPODS: 1.4.0
