PODS:
  - Alamofire (4.6.0)
  - Charts (3.0.5):
    - Charts/Core (= 3.0.5)
  - Charts/Core (3.0.5)
  - PubNub (4.7.6):
    - PubNub/Core (= 4.7.6)
  - PubNub/Core (4.7.6)

DEPENDENCIES:
  - Alamofire (~> 4.5)
  - Charts
  - PubNub (~> 4)

SPEC CHECKSUMS:
  Alamofire: f41a599bd63041760b26d393ec1069d9d7b917f4
  Charts: 45cdc985b764c838b35ee47eb1365d15735f6d1a
  PubNub: f788c31977e6ef52c88a7080d7d6d30f896c43b2

PODFILE CHECKSUM: 5275fa6ff791fc452bf084d508586385a3e36e92

COCOAPODS: 1.4.0
